
Microsoft Visual Studio Solution File, Format Version 12.00
# Visual Studio Version 17
VisualStudioVersion = 17.2.32630.192
MinimumVisualStudioVersion = 10.0.40219.1
Project("{FAE04EC0-301F-11D3-BF4B-00C04F79EFBC}") = "FrontEnd", "Cronometro\FrontEnd.csproj", "{630853C6-156F-4BCE-9A53-CDE82FA258FC}"
EndProject
Project("{FAE04EC0-301F-11D3-BF4B-00C04F79EFBC}") = "BackEnd", "BackEnd\BackEnd.csproj", "{562217F0-D4E3-4C97-AA43-204FEA0B3083}"
EndProject
Global
	GlobalSection(SolutionConfigurationPlatforms) = preSolution
		Debug|Any CPU = Debug|Any CPU
		Release|Any CPU = Release|Any CPU
	EndGlobalSection
	GlobalSection(ProjectConfigurationPlatforms) = postSolution
		{630853C6-156F-4BCE-9A53-CDE82FA258FC}.Debug|Any CPU.ActiveCfg = Debug|Any CPU
		{630853C6-156F-4BCE-9A53-CDE82FA258FC}.Debug|Any CPU.Build.0 = Debug|Any CPU
		{630853C6-156F-4BCE-9A53-CDE82FA258FC}.Release|Any CPU.ActiveCfg = Release|Any CPU
		{630853C6-156F-4BCE-9A53-CDE82FA258FC}.Release|Any CPU.Build.0 = Release|Any CPU
		{562217F0-D4E3-4C97-AA43-204FEA0B3083}.Debug|Any CPU.ActiveCfg = Debug|Any CPU
		{562217F0-D4E3-4C97-AA43-204FEA0B3083}.Debug|Any CPU.Build.0 = Debug|Any CPU
		{562217F0-D4E3-4C97-AA43-204FEA0B3083}.Release|Any CPU.ActiveCfg = Release|Any CPU
		{562217F0-D4E3-4C97-AA43-204FEA0B3083}.Release|Any CPU.Build.0 = Release|Any CPU
	EndGlobalSection
	GlobalSection(SolutionProperties) = preSolution
		HideSolutionNode = FALSE
	EndGlobalSection
	GlobalSection(ExtensibilityGlobals) = postSolution
		SolutionGuid = {67E5A5B0-D276-43B9-B607-4EC58DFA927C}
	EndGlobalSection
EndGlobal
